# THIS IS AN AUTOGENERATED FILE. DO NOT EDIT THIS FILE DIRECTLY.
# yarn lockfile v1


react-native-select-dropdown@^3.2.1:
  version "3.2.1"
  resolved "https://registry.yarnpkg.com/react-native-select-dropdown/-/react-native-select-dropdown-3.2.1.tgz#3e204834fa68549c62e0ef46c6f6270740fc8d18"
  integrity sha512-4kLmjm3z9JUzIw98oKdQYvk8XsxhNg5NfKN112m1oIufu+6w2HcPw438rVpXzrWntvs9ZLf8Za6ZQO6GqZHdzA==
